
Microsoft Visual Studio Solution File, Format Version 12.00
# Visual Studio 15
VisualStudioVersion = 15.0.28307.168
MinimumVisualStudioVersion = 10.0.40219.1
Project("{FAE04EC0-301F-11D3-BF4B-00C04F79EFBC}") = "Web.Site", "Web.Site\Web.Site.csproj", "{6E584B17-B313-4866-8549-2F85BF926546}"
EndProject
Project("{FAE04EC0-301F-11D3-BF4B-00C04F79EFBC}") = "Api", "Api\Api.csproj", "{ABEAD11B-4CA1-4B0E-8D0B-45D535412E9B}"
EndProject
Project("{FAE04EC0-301F-11D3-BF4B-00C04F79EFBC}") = "Api.Composition", "Api.Composition\Api.Composition.csproj", "{4AEE8024-B563-4223-82A6-BD2F64376102}"
EndProject
Global
	GlobalSection(SolutionConfigurationPlatforms) = preSolution
		Debug|Any CPU = Debug|Any CPU
		Release|Any CPU = Release|Any CPU
	EndGlobalSection
	GlobalSection(ProjectConfigurationPlatforms) = postSolution
		{6E584B17-B313-4866-8549-2F85BF926546}.Debug|Any CPU.ActiveCfg = Debug|Any CPU
		{6E584B17-B313-4866-8549-2F85BF926546}.Debug|Any CPU.Build.0 = Debug|Any CPU
		{6E584B17-B313-4866-8549-2F85BF926546}.Release|Any CPU.ActiveCfg = Release|Any CPU
		{6E584B17-B313-4866-8549-2F85BF926546}.Release|Any CPU.Build.0 = Release|Any CPU
		{ABEAD11B-4CA1-4B0E-8D0B-45D535412E9B}.Debug|Any CPU.ActiveCfg = Debug|Any CPU
		{ABEAD11B-4CA1-4B0E-8D0B-45D535412E9B}.Debug|Any CPU.Build.0 = Debug|Any CPU
		{ABEAD11B-4CA1-4B0E-8D0B-45D535412E9B}.Release|Any CPU.ActiveCfg = Release|Any CPU
		{ABEAD11B-4CA1-4B0E-8D0B-45D535412E9B}.Release|Any CPU.Build.0 = Release|Any CPU
		{4AEE8024-B563-4223-82A6-BD2F64376102}.Debug|Any CPU.ActiveCfg = Debug|Any CPU
		{4AEE8024-B563-4223-82A6-BD2F64376102}.Debug|Any CPU.Build.0 = Debug|Any CPU
		{4AEE8024-B563-4223-82A6-BD2F64376102}.Release|Any CPU.ActiveCfg = Release|Any CPU
		{4AEE8024-B563-4223-82A6-BD2F64376102}.Release|Any CPU.Build.0 = Release|Any CPU
	EndGlobalSection
	GlobalSection(SolutionProperties) = preSolution
		HideSolutionNode = FALSE
	EndGlobalSection
	GlobalSection(ExtensibilityGlobals) = postSolution
		SolutionGuid = {1719C024-B49C-449B-BB16-FF6281184345}
	EndGlobalSection
EndGlobal
